PODS:
  - CKNetworking (0.1.0)
  - FBSnapshotTestCase (2.1.4):
    - FBSnapshotTestCase/SwiftSupport (= 2.1.4)
  - FBSnapshotTestCase/Core (2.1.4)
  - FBSnapshotTestCase/SwiftSupport (2.1.4):
    - FBSnapshotTestCase/Core

DEPENDENCIES:
  - CKNetworking (from `../`)
  - FBSnapshotTestCase

SPEC REPOS:
  trunk:
    - FBSnapshotTestCase

EXTERNAL SOURCES:
  CKNetworking:
    :path: "../"

SPEC CHECKSUMS:
  CKNetworking: 471b8dbfc149f519390ecd4671c1d01739a37f95
  FBSnapshotTestCase: 094f9f314decbabe373b87cc339bea235a63e07a

PODFILE CHECKSUM: 3a717510817d47e402894bcfa995b07327eeff38

COCOAPODS: 1.9.1
